
Microsoft Visual Studio Solution File, Format Version 12.00
# Visual Studio Version 17
VisualStudioVersion = 17.9.34728.123
MinimumVisualStudioVersion = 10.0.40219.1
Project("{FAE04EC0-301F-11D3-BF4B-00C04F79EFBC}") = "Day7", "Day7.csproj", "{EE15C8BB-9666-432D-A8EE-975F329714ED}"
EndProject
Global
	GlobalSection(SolutionConfigurationPlatforms) = preSolution
		Debug|Any CPU = Debug|Any CPU
		Release|Any CPU = Release|Any CPU
	EndGlobalSection
	GlobalSection(ProjectConfigurationPlatforms) = postSolution
		{EE15C8BB-9666-432D-A8EE-975F329714ED}.Debug|Any CPU.ActiveCfg = Debug|Any CPU
		{EE15C8BB-9666-432D-A8EE-975F329714ED}.Debug|Any CPU.Build.0 = Debug|Any CPU
		{EE15C8BB-9666-432D-A8EE-975F329714ED}.Release|Any CPU.ActiveCfg = Release|Any CPU
		{EE15C8BB-9666-432D-A8EE-975F329714ED}.Release|Any CPU.Build.0 = Release|Any CPU
	EndGlobalSection
	GlobalSection(SolutionProperties) = preSolution
		HideSolutionNode = FALSE
	EndGlobalSection
	GlobalSection(ExtensibilityGlobals) = postSolution
		SolutionGuid = {A44AEFCA-7DC8-47D9-BD95-9FC5B6CFE331}
	EndGlobalSection
EndGlobal
